{
  "name": "isf-preview",
  "lockfileVersion": 2,
  "requires": true,
  "packages": {
    "": {
      "name": "isf-preview",
      "dependencies": {
        "interactive-shader-format": "^2.8.1",
        "lil-gui": "^0.19.0",
        "ws": "^8.0.0"
      }
    },
    "node_modules/complex.js": {
      "version": "2.0.11",
      "resolved": "https://registry.npmjs.org/complex.js/-/complex.js-2.0.11.tgz",
      "integrity": "sha512-6IArJLApNtdg1P1dFtn3dnyzoZBEF0MwMnrfF1exSBRpZYoy4yieMkpZhQDC0uwctw48vii0CFVyHfpgZ/DfGw==",
      "engines": {
        "node": "*"
      }
    },
    "node_modules/decimal.js": {
      "version": "10.2.0",
      "resolved": "https://registry.npmjs.org/decimal.js/-/decimal.js-10.2.0.tgz",
      "integrity": "sha512-vDPw+rDgn3bZe1+F/pyEwb1oMG2XTlRVgAa6B4KccTEpYgF8w6eQllVbQcfIJnZyvzFtFpxnpGtx8dd7DJp/Rw=="
    },
    "node_modules/escape-latex": {
      "version": "1.2.0",
      "resolved": "https://registry.npmjs.org/escape-latex/-/escape-latex-1.2.0.tgz",
      "integrity": "sha512-nV5aVWW1K0wEiUIEdZ4erkGGH8mDxGyxSeqPzRNtWP7ataw+/olFObw7hujFWlVjNsaDFw5VZ5NzVSIqRgfTiw=="
    },
    "node_modules/fraction.js": {
      "version": "4.0.12",
      "resolved": "https://registry.npmjs.org/fraction.js/-/fraction.js-4.0.12.tgz",
      "integrity": "sha512-8Z1K0VTG4hzYY7kA/1sj4/r1/RWLBD3xwReT/RCrUCbzPszjNQCCsy3ktkU/eaEqX3MYa4pY37a52eiBlPMlhA==",
      "engines": {
        "node": "*"
      }
    },
    "node_modules/interactive-shader-format": {
      "version": "2.8.1",
      "resolved": "https://registry.npmjs.org/interactive-shader-format/-/interactive-shader-format-2.8.1.tgz",
      "integrity": "sha512-FoR//qK0zMiNvCbAOrZxvJkC7+DtcBKQuyCXxLdGkUHTTLFdmeT1ZXXVO5Kc6foSjdxQ+IbY5RO6lz9JOFaG6Q==",
      "dependencies": {
        "mathjs-expression-parser": "^1.0.2"
      }
    },
    "node_modules/javascript-natural-sort": {
      "version": "0.7.1",
      "resolved": "https://registry.npmjs.org/javascript-natural-sort/-/javascript-natural-sort-0.7.1.tgz",
      "integrity": "sha512-nO6jcEfZWQXDhOiBtG2KvKyEptz7RVbpGP4vTD2hLBdmNQSsCiicO2Ioinv6UI4y9ukqnBpy+XZ9H6uLNgJTlw=="
    },
    "node_modules/lil-gui": {
      "version": "0.19.2",
      "resolved": "https://registry.npmjs.org/lil-gui/-/lil-gui-0.19.2.tgz",
      "integrity": "sha512-nU8j4ND702ouGfQZoaTN4dfXxacvGOAVK0DtmZBVcUYUAeYQXLQAjAN50igMHiba3T5jZyKEjXZU+Ntm1Qs6ZQ=="
    },
    "node_modules/mathjs": {
      "version": "5.10.3",
      "resolved": "https://registry.npmjs.org/mathjs/-/mathjs-5.10.3.tgz",
      "integrity": "sha512-ySjg30BC3dYjQm73ILZtwcWzFJde0VU6otkXW/57IjjuYRa3Qaf0Kb8pydEuBZYtqW2OxreAtsricrAmOj3jIw==",
      "dependencies": {
        "complex.js": "2.0.11",
        "decimal.js": "10.2.0",
        "escape-latex": "1.2.0",
        "fraction.js": "4.0.12",
        "javascript-natural-sort": "0.7.1",
        "seed-random": "2.2.0",
        "tiny-emitter": "2.1.0",
        "typed-function": "1.1.0"
      },
      "bin": {
        "mathjs": "bin/cli.js"
      },
      "engines": {
        "node": ">= 6"
      }
    },
    "node_modules/mathjs-expression-parser": {
      "version": "1.0.2",
      "resolved": "https://registry.npmjs.org/mathjs-expression-parser/-/mathjs-expression-parser-1.0.2.tgz",
      "integrity": "sha512-Z5T4UTLIsHhrQodz7bGhHVsARBwrHDIs49OcJ/iNuY/5sMg6SZrYyoDUD2iO91nMONK6qAiBxWy2/KjtBaSc9g==",
      "deprecated": "You can now use mathjs itself directly to achieve the same. Read more: https://mathjs.org/docs/custom_bundling.html#numbers-only",
      "dependencies": {
        "mathjs": "^5.2.3"
      }
    },
    "node_modules/seed-random": {
      "version": "2.2.0",
      "resolved": "https://registry.npmjs.org/seed-random/-/seed-random-2.2.0.tgz",
      "integrity": "sha512-34EQV6AAHQGhoc0tn/96a9Fsi6v2xdqe/dMUwljGRaFOzR3EgRmECvD0O8vi8X+/uQ50LGHfkNu/Eue5TPKZkQ=="
    },
    "node_modules/tiny-emitter": {
      "version": "2.1.0",
      "resolved": "https://registry.npmjs.org/tiny-emitter/-/tiny-emitter-2.1.0.tgz",
      "integrity": "sha512-NB6Dk1A9xgQPMoGqC5CVXn123gWyte215ONT5Pp5a0yt4nlEoO1ZWeCwpncaekPHXO60i47ihFnZPiRPjRMq4Q=="
    },
    "node_modules/typed-function": {
      "version": "1.1.0",
      "resolved": "https://registry.npmjs.org/typed-function/-/typed-function-1.1.0.tgz",
      "integrity": "sha512-TuQzwiT4DDg19beHam3E66oRXhyqlyfgjHB/5fcvsRXbfmWPJfto9B4a0TBdTrQAPGlGmXh/k7iUI+WsObgORA==",
      "engines": {
        "node": ">= 6"
      }
    },
    "node_modules/ws": {
      "version": "8.19.0",
      "resolved": "https://registry.npmjs.org/ws/-/ws-8.19.0.tgz",
      "integrity": "sha512-blAT2mjOEIi0ZzruJfIhb3nps74PRWTCz1IjglWEEpQl5XS/UNama6u2/rjFkDDouqr4L67ry+1aGIALViWjDg==",
      "engines": {
        "node": ">=10.0.0"
      },
      "peerDependencies": {
        "bufferutil": "^4.0.1",
        "utf-8-validate": ">=5.0.2"
      },
      "peerDependenciesMeta": {
        "bufferutil": {
          "optional": true
        },
        "utf-8-validate": {
          "optional": true
        }
      }
    }
  },
  "dependencies": {
    "complex.js": {
      "version": "2.0.11",
      "resolved": "https://registry.npmjs.org/complex.js/-/complex.js-2.0.11.tgz",
      "integrity": "sha512-6IArJLApNtdg1P1dFtn3dnyzoZBEF0MwMnrfF1exSBRpZYoy4yieMkpZhQDC0uwctw48vii0CFVyHfpgZ/DfGw=="
    },
    "decimal.js": {
      "version": "10.2.0",
      "resolved": "https://registry.npmjs.org/decimal.js/-/decimal.js-10.2.0.tgz",
      "integrity": "sha512-vDPw+rDgn3bZe1+F/pyEwb1oMG2XTlRVgAa6B4KccTEpYgF8w6eQllVbQcfIJnZyvzFtFpxnpGtx8dd7DJp/Rw=="
    },
    "escape-latex": {
      "version": "1.2.0",
      "resolved": "https://registry.npmjs.org/escape-latex/-/escape-latex-1.2.0.tgz",
      "integrity": "sha512-nV5aVWW1K0wEiUIEdZ4erkGGH8mDxGyxSeqPzRNtWP7ataw+/olFObw7hujFWlVjNsaDFw5VZ5NzVSIqRgfTiw=="
    },
    "fraction.js": {
      "version": "4.0.12",
      "resolved": "https://registry.npmjs.org/fraction.js/-/fraction.js-4.0.12.tgz",
      "integrity": "sha512-8Z1K0VTG4hzYY7kA/1sj4/r1/RWLBD3xwReT/RCrUCbzPszjNQCCsy3ktkU/eaEqX3MYa4pY37a52eiBlPMlhA=="
    },
    "interactive-shader-format": {
      "version": "2.8.1",
      "resolved": "https://registry.npmjs.org/interactive-shader-format/-/interactive-shader-format-2.8.1.tgz",
      "integrity": "sha512-FoR//qK0zMiNvCbAOrZxvJkC7+DtcBKQuyCXxLdGkUHTTLFdmeT1ZXXVO5Kc6foSjdxQ+IbY5RO6lz9JOFaG6Q==",
      "requires": {
        "mathjs-expression-parser": "^1.0.2"
      }
    },
    "javascript-natural-sort": {
      "version": "0.7.1",
      "resolved": "https://registry.npmjs.org/javascript-natural-sort/-/javascript-natural-sort-0.7.1.tgz",
      "integrity": "sha512-nO6jcEfZWQXDhOiBtG2KvKyEptz7RVbpGP4vTD2hLBdmNQSsCiicO2Ioinv6UI4y9ukqnBpy+XZ9H6uLNgJTlw=="
    },
    "lil-gui": {
      "version": "0.19.2",
      "resolved": "https://registry.npmjs.org/lil-gui/-/lil-gui-0.19.2.tgz",
      "integrity": "sha512-nU8j4ND702ouGfQZoaTN4dfXxacvGOAVK0DtmZBVcUYUAeYQXLQAjAN50igMHiba3T5jZyKEjXZU+Ntm1Qs6ZQ=="
    },
    "mathjs": {
      "version": "5.10.3",
      "resolved": "https://registry.npmjs.org/mathjs/-/mathjs-5.10.3.tgz",
      "integrity": "sha512-ySjg30BC3dYjQm73ILZtwcWzFJde0VU6otkXW/57IjjuYRa3Qaf0Kb8pydEuBZYtqW2OxreAtsricrAmOj3jIw==",
      "requires": {
        "complex.js": "2.0.11",
        "decimal.js": "10.2.0",
        "escape-latex": "1.2.0",
        "fraction.js": "4.0.12",
        "javascript-natural-sort": "0.7.1",
        "seed-random": "2.2.0",
        "tiny-emitter": "2.1.0",
        "typed-function": "1.1.0"
      }
    },
    "mathjs-expression-parser": {
      "version": "1.0.2",
      "resolved": "https://registry.npmjs.org/mathjs-expression-parser/-/mathjs-expression-parser-1.0.2.tgz",
      "integrity": "sha512-Z5T4UTLIsHhrQodz7bGhHVsARBwrHDIs49OcJ/iNuY/5sMg6SZrYyoDUD2iO91nMONK6qAiBxWy2/KjtBaSc9g==",
      "requires": {
        "mathjs": "^5.2.3"
      }
    },
    "seed-random": {
      "version": "2.2.0",
      "resolved": "https://registry.npmjs.org/seed-random/-/seed-random-2.2.0.tgz",
      "integrity": "sha512-34EQV6AAHQGhoc0tn/96a9Fsi6v2xdqe/dMUwljGRaFOzR3EgRmECvD0O8vi8X+/uQ50LGHfkNu/Eue5TPKZkQ=="
    },
    "tiny-emitter": {
      "version": "2.1.0",
      "resolved": "https://registry.npmjs.org/tiny-emitter/-/tiny-emitter-2.1.0.tgz",
      "integrity": "sha512-NB6Dk1A9xgQPMoGqC5CVXn123gWyte215ONT5Pp5a0yt4nlEoO1ZWeCwpncaekPHXO60i47ihFnZPiRPjRMq4Q=="
    },
    "typed-function": {
      "version": "1.1.0",
      "resolved": "https://registry.npmjs.org/typed-function/-/typed-function-1.1.0.tgz",
      "integrity": "sha512-TuQzwiT4DDg19beHam3E66oRXhyqlyfgjHB/5fcvsRXbfmWPJfto9B4a0TBdTrQAPGlGmXh/k7iUI+WsObgORA=="
    },
    "ws": {
      "version": "8.19.0",
      "resolved": "https://registry.npmjs.org/ws/-/ws-8.19.0.tgz",
      "integrity": "sha512-blAT2mjOEIi0ZzruJfIhb3nps74PRWTCz1IjglWEEpQl5XS/UNama6u2/rjFkDDouqr4L67ry+1aGIALViWjDg==",
      "requires": {}
    }
  }
}
